
Microsoft Visual Studio Solution File, Format Version 12.00
Project("{FAE04EC0-301F-11D3-BF4B-00C04F79EFBC}") = "ConsoleApp", "ConsoleApp\ConsoleApp.csproj", "{A7CE7964-39E3-4A1B-B9EC-499C6108633E}"
EndProject
Project("{FAE04EC0-301F-11D3-BF4B-00C04F79EFBC}") = "ClassLib", "ClassLib\ClassLib.csproj", "{B93E9B4E-4041-4083-B195-3E7DA697C444}"
EndProject
Project("{FAE04EC0-301F-11D3-BF4B-00C04F79EFBC}") = "ClassLib.Tests", "ClassLib.Tests\ClassLib.Tests.csproj", "{3FB2406C-D0FE-4BF1-B7F7-C05AC02E99C4}"
EndProject
Global
	GlobalSection(SolutionConfigurationPlatforms) = preSolution
		Debug|Any CPU = Debug|Any CPU
		Release|Any CPU = Release|Any CPU
	EndGlobalSection
	GlobalSection(ProjectConfigurationPlatforms) = postSolution
		{A7CE7964-39E3-4A1B-B9EC-499C6108633E}.Debug|Any CPU.ActiveCfg = Debug|Any CPU
		{A7CE7964-39E3-4A1B-B9EC-499C6108633E}.Debug|Any CPU.Build.0 = Debug|Any CPU
		{A7CE7964-39E3-4A1B-B9EC-499C6108633E}.Release|Any CPU.ActiveCfg = Release|Any CPU
		{A7CE7964-39E3-4A1B-B9EC-499C6108633E}.Release|Any CPU.Build.0 = Release|Any CPU
		{B93E9B4E-4041-4083-B195-3E7DA697C444}.Debug|Any CPU.ActiveCfg = Debug|Any CPU
		{B93E9B4E-4041-4083-B195-3E7DA697C444}.Debug|Any CPU.Build.0 = Debug|Any CPU
		{B93E9B4E-4041-4083-B195-3E7DA697C444}.Release|Any CPU.ActiveCfg = Release|Any CPU
		{B93E9B4E-4041-4083-B195-3E7DA697C444}.Release|Any CPU.Build.0 = Release|Any CPU
		{3FB2406C-D0FE-4BF1-B7F7-C05AC02E99C4}.Debug|Any CPU.ActiveCfg = Debug|Any CPU
		{3FB2406C-D0FE-4BF1-B7F7-C05AC02E99C4}.Debug|Any CPU.Build.0 = Debug|Any CPU
		{3FB2406C-D0FE-4BF1-B7F7-C05AC02E99C4}.Release|Any CPU.ActiveCfg = Release|Any CPU
		{3FB2406C-D0FE-4BF1-B7F7-C05AC02E99C4}.Release|Any CPU.Build.0 = Release|Any CPU
	EndGlobalSection
EndGlobal
